
Microsoft Visual Studio Solution File, Format Version 12.00
# Visual Studio Version 17
VisualStudioVersion = 17.14.36310.24 d17.14
MinimumVisualStudioVersion = 10.0.40219.1
Project("{FAE04EC0-301F-11D3-BF4B-00C04F79EFBC}") = "ToggleDeviceSounds", "ToggleDeviceSounds.csproj", "{EC140091-EDDC-4E81-8E80-534406D262AD}"
EndProject
Global
	GlobalSection(SolutionConfigurationPlatforms) = preSolution
		Debug|Any CPU = Debug|Any CPU
		Release|Any CPU = Release|Any CPU
	EndGlobalSection
	GlobalSection(ProjectConfigurationPlatforms) = postSolution
		{EC140091-EDDC-4E81-8E80-534406D262AD}.Debug|Any CPU.ActiveCfg = Debug|Any CPU
		{EC140091-EDDC-4E81-8E80-534406D262AD}.Debug|Any CPU.Build.0 = Debug|Any CPU
		{EC140091-EDDC-4E81-8E80-534406D262AD}.Release|Any CPU.ActiveCfg = Release|Any CPU
		{EC140091-EDDC-4E81-8E80-534406D262AD}.Release|Any CPU.Build.0 = Release|Any CPU
	EndGlobalSection
	GlobalSection(SolutionProperties) = preSolution
		HideSolutionNode = FALSE
	EndGlobalSection
	GlobalSection(ExtensibilityGlobals) = postSolution
		SolutionGuid = {30CC7145-9C49-4FFB-A056-410A6B4823FE}
	EndGlobalSection
EndGlobal
